
Microsoft Visual Studio Solution File, Format Version 12.00
# Visual Studio 15
VisualStudioVersion = 15.0.28307.489
MinimumVisualStudioVersion = 10.0.40219.1
Project("{FAE04EC0-301F-11D3-BF4B-00C04F79EFBC}") = "SkiaSharpDemo", "SkiaSharpDemo\SkiaSharpDemo.csproj", "{509B0012-3B54-400B-80A4-CEF072344CC4}"
EndProject
Project("{FAE04EC0-301F-11D3-BF4B-00C04F79EFBC}") = "Cbs.Aero", "Cbs.Aero\Cbs.Aero.csproj", "{72E4CA6C-1C85-40E9-AFF2-5F8D58859C5B}"
EndProject
Global
	GlobalSection(SolutionConfigurationPlatforms) = preSolution
		Debug|Any CPU = Debug|Any CPU
		Release|Any CPU = Release|Any CPU
	EndGlobalSection
	GlobalSection(ProjectConfigurationPlatforms) = postSolution
		{509B0012-3B54-400B-80A4-CEF072344CC4}.Debug|Any CPU.ActiveCfg = Debug|Any CPU
		{509B0012-3B54-400B-80A4-CEF072344CC4}.Debug|Any CPU.Build.0 = Debug|Any CPU
		{509B0012-3B54-400B-80A4-CEF072344CC4}.Release|Any CPU.ActiveCfg = Release|Any CPU
		{509B0012-3B54-400B-80A4-CEF072344CC4}.Release|Any CPU.Build.0 = Release|Any CPU
		{72E4CA6C-1C85-40E9-AFF2-5F8D58859C5B}.Debug|Any CPU.ActiveCfg = Debug|Any CPU
		{72E4CA6C-1C85-40E9-AFF2-5F8D58859C5B}.Debug|Any CPU.Build.0 = Debug|Any CPU
		{72E4CA6C-1C85-40E9-AFF2-5F8D58859C5B}.Release|Any CPU.ActiveCfg = Release|Any CPU
		{72E4CA6C-1C85-40E9-AFF2-5F8D58859C5B}.Release|Any CPU.Build.0 = Release|Any CPU
	EndGlobalSection
	GlobalSection(SolutionProperties) = preSolution
		HideSolutionNode = FALSE
	EndGlobalSection
	GlobalSection(ExtensibilityGlobals) = postSolution
		SolutionGuid = {DDAF8494-00F9-4853-BCF2-110CFB44E913}
	EndGlobalSection
EndGlobal
